// !$*UTF8*$!
{
	archiveVersion = 1;
	classes = {
	};
	objectVersion = 46;
	objects = {

/* Begin PBXBuildFile section */
		0BA099B4EBA53E706F799E7E /* MainComponent.cpp */ = {isa = PBXBuildFile; fileRef = 0B1905802CC98309FEB77C9C; };
		5E241B61046FE7D98A475A41 /* IOKit.framework */ = {isa = PBXBuildFile; fileRef = 4123C77A0C0AD0510BA31603; };
		62768E7D3A9EBBF88518F9D3 /* include_juce_core.mm */ = {isa = PBXBuildFile; fileRef = 769330E688717CD2FBF63C19; };
		7C5384066B2EFFD26FDD2E0D /* include_juce_gui_basics.mm */ = {isa = PBXBuildFile; fileRef = C5C37005C3FF8E34E2DE2145; };
		8B1F1DD6B2632B070710F94A /* include_juce_data_structures.mm */ = {isa = PBXBuildFile; fileRef = 067504A5CE42C85C03D19747; };
		8CB42E073A01B3860B6568CE /* Main.cpp */ = {isa = PBXBuildFile; fileRef = E588D293D43DF2AB98EC45D1; };
		9051110F19410B797484D73D /* Foundation.framework */ = {isa = PBXBuildFile; fileRef = 6C66B98B6EAB86BF5D085771; };
		91C73BD99C1804975A6B246A /* RecentFilesMenuTemplate.nib */ = {isa = PBXBuildFile; fileRef = B01A1D6EE025C812A5B26B29; };
		9BC7D66EC965EB567EEA9423 /* QuartzCore.framework */ = {isa = PBXBuildFile; fileRef = 5C207CFB71B8A57638C7B399; };
		E655009E4407431BA73B9E9D /* App */ = {isa = PBXBuildFile; fileRef = D8BE04CF554C2A4837510A32; };
		F11B8F7E46AF55F8FECC750E /* include_juce_events.mm */ = {isa = PBXBuildFile; fileRef = 66350EAE2E2F33D2278D7DA2; };
		F3552862BCE1901BC36430DE /* include_juce_graphics.mm */ = {isa = PBXBuildFile; fileRef = 7F9D9C827C3943DDB790D6D2; };
		F5B5499C6A873BB51BC25924 /* Cocoa.framework */ = {isa = PBXBuildFile; fileRef = AEA337BC6BAB40CD5DE7EAFC; };
/* End PBXBuildFile section */

/* Begin PBXFileReference section */
		067504A5CE42C85C03D19747 /* include_juce_data_structures.mm */ /* include_juce_data_structures.mm */ = {isa = PBXFileReference; lastKnownFileType = sourcecode.cpp.objcpp; name = include_juce_data_structures.mm; path = ../../JuceLibraryCode/include_juce_data_structures.mm; sourceTree = SOURCE_ROOT; };
		0B1905802CC98309FEB77C9C /* MainComponent.cpp */ /* MainComponent.cpp */ = {isa = PBXFileReference; lastKnownFileType = sourcecode.cpp.cpp; name = MainComponent.cpp; path = ../../Source/MainComponent.cpp; sourceTree = SOURCE_ROOT; };
		0D062D21C754EADBBA26D28B /* juce_gui_basics */ /* juce_gui_basics */ = {isa = PBXFileReference; lastKnownFileType = folder; name = juce_gui_basics; path = /Users/richelmes/Developer/BomShankaMachines/myJUCE/modules/juce_gui_basics; sourceTree = "<absolute>"; };
		4123C77A0C0AD0510BA31603 /* IOKit.framework */ /* IOKit.framework */ = {isa = PBXFileReference; lastKnownFileType = wrapper.framework; name = IOKit.framework; path = System/Library/Frameworks/IOKit.framework; sourceTree = SDKROOT; };
		452AE810A2052D52524F08A4 /* juce_events */ /* juce_events */ = {isa = PBXFileReference; lastKnownFileType = folder; name = juce_events; path = /Users/richelmes/Developer/BomShankaMachines/myJUCE/modules/juce_events; sourceTree = "<absolute>"; };
		5C207CFB71B8A57638C7B399 /* QuartzCore.framework */ /* QuartzCore.framework */ = {isa = PBXFileReference; lastKnownFileType = wrapper.framework; name = QuartzCore.framework; path = System/Library/Frameworks/QuartzCore.framework; sourceTree = SDKROOT; };
		658B212846250CAA7957EA45 /* juce_core */ /* juce_core */ = {isa = PBXFileReference; lastKnownFileType = folder; name = juce_core; path = /Users/richelmes/Developer/BomShankaMachines/myJUCE/modules/juce_core; sourceTree = "<absolute>"; };
		66350EAE2E2F33D2278D7DA2 /* include_juce_events.mm */ /* include_juce_events.mm */ = {isa = PBXFileReference; lastKnownFileType = sourcecode.cpp.objcpp; name = include_juce_events.mm; path = ../../JuceLibraryCode/include_juce_events.mm; sourceTree = SOURCE_ROOT; };
		6C66B98B6EAB86BF5D085771 /* Foundation.framework */ /* Foundation.framework */ = {isa = PBXFileReference; lastKnownFileType = wrapper.framework; name = Foundation.framework; path = System/Library/Frameworks/Foundation.framework; sourceTree = SDKROOT; };
		769330E688717CD2FBF63C19 /* include_juce_core.mm */ /* include_juce_core.mm */ = {isa = PBXFileReference; lastKnownFileType = sourcecode.cpp.objcpp; name = include_juce_core.mm; path = ../../JuceLibraryCode/include_juce_core.mm; sourceTree = SOURCE_ROOT; };
		7F9D9C827C3943DDB790D6D2 /* include_juce_graphics.mm */ /* include_juce_graphics.mm */ = {isa = PBXFileReference; lastKnownFileType = sourcecode.cpp.objcpp; name = include_juce_graphics.mm; path = ../../JuceLibraryCode/include_juce_graphics.mm; sourceTree = SOURCE_ROOT; };
		9FB5A660571568F13D4A7314 /* MainComponent.h */ /* MainComponent.h */ = {isa = PBXFileReference; lastKnownFileType = sourcecode.c.h; name = MainComponent.h; path = ../../Source/MainComponent.h; sourceTree = SOURCE_ROOT; };
		AEA337BC6BAB40CD5DE7EAFC /* Cocoa.framework */ /* Cocoa.framework */ = {isa = PBXFileReference; lastKnownFileType = wrapper.framework; name = Cocoa.framework; path = System/Library/Frameworks/Cocoa.framework; sourceTree = SDKROOT; };
		B01A1D6EE025C812A5B26B29 /* RecentFilesMenuTemplate.nib */ /* RecentFilesMenuTemplate.nib */ = {isa = PBXFileReference; lastKnownFileType = file.nib; name = RecentFilesMenuTemplate.nib; path = RecentFilesMenuTemplate.nib; sourceTree = SOURCE_ROOT; };
		B4D444F6C9248D9FE46AAC2F /* Info-App.plist */ /* Info-App.plist */ = {isa = PBXFileReference; lastKnownFileType = text.plist.xml; name = "Info-App.plist"; path = "Info-App.plist"; sourceTree = SOURCE_ROOT; };
		C04E9FDDDDC08ED4E8C6A0B9 /* JuceHeader.h */ /* JuceHeader.h */ = {isa = PBXFileReference; lastKnownFileType = sourcecode.c.h; name = JuceHeader.h; path = ../../JuceLibraryCode/JuceHeader.h; sourceTree = SOURCE_ROOT; };
		C5C37005C3FF8E34E2DE2145 /* include_juce_gui_basics.mm */ /* include_juce_gui_basics.mm */ = {isa = PBXFileReference; lastKnownFileType = sourcecode.cpp.objcpp; name = include_juce_gui_basics.mm; path = ../../JuceLibraryCode/include_juce_gui_basics.mm; sourceTree = SOURCE_ROOT; };
		C8CFF31952909F8F33CAAB31 /* juce_graphics */ /* juce_graphics */ = {isa = PBXFileReference; lastKnownFileType = folder; name = juce_graphics; path = /Users/richelmes/Developer/BomShankaMachines/myJUCE/modules/juce_graphics; sourceTree = "<absolute>"; };
		CFBA5DBED0590D3D7ADAA5C2 /* juce_data_structures */ /* juce_data_structures */ = {isa = PBXFileReference; lastKnownFileType = folder; name = juce_data_structures; path = /Users/richelmes/Developer/BomShankaMachines/myJUCE/modules/juce_data_structures; sourceTree = "<absolute>"; };
		D8BE04CF554C2A4837510A32 /* App */ = {isa = PBXFileReference; explicitFileType = wrapper.application; includeInIndex = 0; path = NewProject.app; sourceTree = BUILT_PRODUCTS_DIR; };
		E588D293D43DF2AB98EC45D1 /* Main.cpp */ /* Main.cpp */ = {isa = PBXFileReference; lastKnownFileType = sourcecode.cpp.cpp; name = Main.cpp; path = ../../Source/Main.cpp; sourceTree = SOURCE_ROOT; };
/* End PBXFileReference section */

/* Begin PBXFrameworksBuildPhase section */
		828122898CF31DB9D84BC8AD = {
			isa = PBXFrameworksBuildPhase;
			buildActionMask = 2147483647;
			files = (
				F5B5499C6A873BB51BC25924,
				9051110F19410B797484D73D,
				5E241B61046FE7D98A475A41,
				9BC7D66EC965EB567EEA9423,
			);
			runOnlyForDeploymentPostprocessing = 0;
		};
/* End PBXFrameworksBuildPhase section */

/* Begin PBXGroup section */
		4353A98B5453961360690CB7 /* Frameworks */ = {
			isa = PBXGroup;
			children = (
				AEA337BC6BAB40CD5DE7EAFC,
				6C66B98B6EAB86BF5D085771,
				4123C77A0C0AD0510BA31603,
				5C207CFB71B8A57638C7B399,
			);
			name = Frameworks;
			sourceTree = "<group>";
		};
		88FA39B5BE79630806498A27 /* JUCE Library Code */ = {
			isa = PBXGroup;
			children = (
				769330E688717CD2FBF63C19,
				067504A5CE42C85C03D19747,
				66350EAE2E2F33D2278D7DA2,
				7F9D9C827C3943DDB790D6D2,
				C5C37005C3FF8E34E2DE2145,
				C04E9FDDDDC08ED4E8C6A0B9,
			);
			name = "JUCE Library Code";
			sourceTree = "<group>";
		};
		8B4E5BC640D6F75B1D39E106 /* Resources */ = {
			isa = PBXGroup;
			children = (
				B4D444F6C9248D9FE46AAC2F,
				B01A1D6EE025C812A5B26B29,
			);
			name = Resources;
			sourceTree = "<group>";
		};
		9CA5BFD23ECAC381F2B5CEC3 /* Products */ = {
			isa = PBXGroup;
			children = (
				D8BE04CF554C2A4837510A32,
			);
			name = Products;
			sourceTree = "<group>";
		};
		AC30595941E3A19889F86D82 /* Source */ = {
			isa = PBXGroup;
			children = (
				B65B3D4C57476A2C9CC8A9B8,
				C195C4CBF27AF0CF30A5D0DB,
				88FA39B5BE79630806498A27,
				8B4E5BC640D6F75B1D39E106,
				4353A98B5453961360690CB7,
				9CA5BFD23ECAC381F2B5CEC3,
			);
			name = Source;
			sourceTree = "<group>";
		};
		B65B3D4C57476A2C9CC8A9B8 /* NewProject */ = {
			isa = PBXGroup;
			children = (
				F3D639CD0A57FEAA4FA0D3C5,
			);
			name = NewProject;
			sourceTree = "<group>";
		};
		C195C4CBF27AF0CF30A5D0DB /* JUCE Modules */ = {
			isa = PBXGroup;
			children = (
				658B212846250CAA7957EA45,
				CFBA5DBED0590D3D7ADAA5C2,
				452AE810A2052D52524F08A4,
				C8CFF31952909F8F33CAAB31,
				0D062D21C754EADBBA26D28B,
			);
			name = "JUCE Modules";
			sourceTree = "<group>";
		};
		F3D639CD0A57FEAA4FA0D3C5 /* Source */ = {
			isa = PBXGroup;
			children = (
				E588D293D43DF2AB98EC45D1,
				9FB5A660571568F13D4A7314,
				0B1905802CC98309FEB77C9C,
			);
			name = Source;
			sourceTree = "<group>";
		};
/* End PBXGroup section */

/* Begin PBXNativeTarget section */
		7F8BD2DCB6C08094DEB4C017 /* NewProject - App */ = {
			isa = PBXNativeTarget;
			buildConfigurationList = 393241AD0C9FC3C3BDB56945;
			buildPhases = (
				0D7286C65D696E06482A3AB7,
				D66D0AD994B3EFF8D1F8E2DD,
				828122898CF31DB9D84BC8AD,
			);
			buildRules = (
			);
			dependencies = (
			);
			name = "NewProject - App";
			productName = NewProject;
			productReference = D8BE04CF554C2A4837510A32;
			productType = "com.apple.product-type.application";
		};
/* End PBXNativeTarget section */

/* Begin PBXProject section */
		CA655D7E7A3DB315B55B31CF = {
			isa = PBXProject;
			attributes = {
				LastUpgradeCheck = 1340;
				ORGANIZATIONNAME = "";
				TargetAttributes = {
					7F8BD2DCB6C08094DEB4C017 = {
						SystemCapabilities = {
							com.apple.ApplicationGroups.iOS = {
								enabled = 0;
							};
							com.apple.HardenedRuntime = {
								enabled = 0;
							};
							com.apple.InAppPurchase = {
								enabled = 0;
							};
							com.apple.InterAppAudio = {
								enabled = 0;
							};
							com.apple.Push = {
								enabled = 0;
							};
							com.apple.Sandbox = {
								enabled = 0;
							};
						};
					};
				};
			};
			buildConfigurationList = 5972DEDFE7BD0FCA22F8ADCA;
			compatibilityVersion = "Xcode 3.2";
			hasScannedForEncodings = 0;
			knownRegions = (
				en,
				Base,
			);
			mainGroup = AC30595941E3A19889F86D82;
			projectDirPath = "";
			projectRoot = "";
			targets = (
				7F8BD2DCB6C08094DEB4C017,
			);
		};
/* End PBXProject section */

/* Begin PBXResourcesBuildPhase section */
		0D7286C65D696E06482A3AB7 = {
			isa = PBXResourcesBuildPhase;
			buildActionMask = 2147483647;
			files = (
				91C73BD99C1804975A6B246A,
			);
			runOnlyForDeploymentPostprocessing = 0;
		};
/* End PBXResourcesBuildPhase section */

/* Begin PBXSourcesBuildPhase section */
		D66D0AD994B3EFF8D1F8E2DD = {
			isa = PBXSourcesBuildPhase;
			buildActionMask = 2147483647;
			files = (
				8CB42E073A01B3860B6568CE,
				0BA099B4EBA53E706F799E7E,
				62768E7D3A9EBBF88518F9D3,
				8B1F1DD6B2632B070710F94A,
				F11B8F7E46AF55F8FECC750E,
				F3552862BCE1901BC36430DE,
				7C5384066B2EFFD26FDD2E0D,
			);
			runOnlyForDeploymentPostprocessing = 0;
		};
/* End PBXSourcesBuildPhase section */

/* Begin XCBuildConfiguration section */
		8C0296DB1D9F4BE28DC2794C /* Release */ = {
			isa = XCBuildConfiguration;
			buildSettings = {
				ALWAYS_SEARCH_USER_PATHS = NO;
				CLANG_ENABLE_OBJC_WEAK = YES;
				CLANG_WARN_BLOCK_CAPTURE_AUTORELEASING = YES;
				CLANG_WARN_BOOL_CONVERSION = YES;
				CLANG_WARN_COMMA = YES;
				CLANG_WARN_CONSTANT_CONVERSION = YES;
				CLANG_WARN_DEPRECATED_OBJC_IMPLEMENTATIONS = YES;
				CLANG_WARN_EMPTY_BODY = YES;
				CLANG_WARN_ENUM_CONVERSION = YES;
				CLANG_WARN_INFINITE_RECURSION = YES;
				CLANG_WARN_INT_CONVERSION = YES;
				CLANG_WARN_NON_LITERAL_NULL_CONVERSION = YES;
				CLANG_WARN_OBJC_IMPLICIT_RETAIN_SELF = YES;
				CLANG_WARN_OBJC_LITERAL_CONVERSION = YES;
				CLANG_WARN_RANGE_LOOP_ANALYSIS = YES;
				CLANG_WARN_STRICT_PROTOTYPES = YES;
				CLANG_WARN_SUSPICIOUS_MOVE = YES;
				CLANG_WARN_UNREACHABLE_CODE = YES;
				CLANG_WARN__DUPLICATE_METHOD_MATCH = YES;
				DEBUG_INFORMATION_FORMAT = dwarf;
				ENABLE_STRICT_OBJC_MSGSEND = YES;
				ENABLE_TESTABILITY = NO;
				GCC_C_LANGUAGE_STANDARD = c11;
				GCC_INLINES_ARE_PRIVATE_EXTERN = YES;
				GCC_MODEL_TUNING = G5;
				GCC_NO_COMMON_BLOCKS = YES;
				GCC_SYMBOLS_PRIVATE_EXTERN = YES;
				GCC_WARN_64_TO_32_BIT_CONVERSION = YES;
				GCC_WARN_ABOUT_RETURN_TYPE = YES;
				GCC_WARN_CHECK_SWITCH_STATEMENTS = YES;
				GCC_WARN_MISSING_PARENTHESES = YES;
				GCC_WARN_NON_VIRTUAL_DESTRUCTOR = YES;
				GCC_WARN_TYPECHECK_CALLS_TO_PRINTF = YES;
				GCC_WARN_UNDECLARED_SELECTOR = YES;
				GCC_WARN_UNINITIALIZED_AUTOS = YES;
				GCC_WARN_UNUSED_FUNCTION = YES;
				GCC_WARN_UNUSED_VARIABLE = YES;
				PRODUCT_NAME = "NewProject";
				SDKROOT = macosx;
				WARNING_CFLAGS = "-Wreorder";
				ZERO_LINK = NO;
			};
			name = Release;
		};
		9045A945EC0AAFDEDE331E4E /* Release */ = {
			isa = XCBuildConfiguration;
			buildSettings = {
				CLANG_CXX_LANGUAGE_STANDARD = "c++17";
				CLANG_CXX_LIBRARY = "libc++";
				CLANG_LINK_OBJC_RUNTIME = NO;
				COMBINE_HIDPI_IMAGES = YES;
				CONFIGURATION_BUILD_DIR = "$(PROJECT_DIR)/build/$(CONFIGURATION)";
				DEAD_CODE_STRIPPING = YES;
				EXCLUDED_ARCHS = "";
				GCC_GENERATE_DEBUGGING_SYMBOLS = NO;
				GCC_OPTIMIZATION_LEVEL = 3;
				GCC_PREPROCESSOR_DEFINITIONS = (
					"_NDEBUG=1",
					"NDEBUG=1",
					"JUCE_DISPLAY_SPLASH_SCREEN=0",
					"JUCE_USE_DARK_SPLASH_SCREEN=1",
					"JUCE_PROJUCER_VERSION=0x70005",
					"JUCE_MODULE_AVAILABLE_juce_core=1",
					"JUCE_MODULE_AVAILABLE_juce_data_structures=1",
					"JUCE_MODULE_AVAILABLE_juce_events=1",
					"JUCE_MODULE_AVAILABLE_juce_graphics=1",
					"JUCE_MODULE_AVAILABLE_juce_gui_basics=1",
					"JUCE_GLOBAL_MODULE_SETTINGS_INCLUDED=1",
					"JUCE_STRICT_REFCOUNTEDPOINTER=1",
					"JUCE_STANDALONE_APPLICATION=1",
					"JUCER_XCODE_MAC_F6D2F4CF=1",
					"JUCE_APP_VERSION=1.0.0",
					"JUCE_APP_VERSION_HEX=0x10000",
					"JucePlugin_Build_VST=0",
					"JucePlugin_Build_VST3=0",
					"JucePlugin_Build_AU=0",
					"JucePlugin_Build_AUv3=0",
					"JucePlugin_Build_AAX=0",
					"JucePlugin_Build_Standalone=0",
					"JucePlugin_Build_Unity=0",
					"JucePlugin_Build_LV2=0",
				);
				GCC_VERSION = com.apple.compilers.llvm.clang.1_0;
				HEADER_SEARCH_PATHS = (
					"$(SRCROOT)/../../JuceLibraryCode",
					"/Users/richelmes/Developer/BomShankaMachines/myJUCE/modules",
					"$(inherited)",
				);
				INFOPLIST_FILE = Info-App.plist;
				INFOPLIST_PREPROCESS = NO;
				INSTALL_PATH = "$(HOME)/Applications";
				LLVM_LTO = YES;
				MACOSX_DEPLOYMENT_TARGET = 10.13;
				MTL_HEADER_SEARCH_PATHS = "$(SRCROOT)/../../JuceLibraryCode /Users/richelmes/Developer/BomShankaMachines/myJUCE/modules";
				OTHER_LDFLAGS = "-weak_framework Metal -weak_framework MetalKit";
				PRODUCT_BUNDLE_IDENTIFIER = com.yourcompany.NewProject;
				PRODUCT_NAME = "NewProject";
				USE_HEADERMAP = NO;
				VALID_ARCHS = "i386 x86_64 arm64 arm64e";
			};
			name = Release;
		};
		F4C7633977C81ADF78427E4B /* Debug */ = {
			isa = XCBuildConfiguration;
			buildSettings = {
				CLANG_CXX_LANGUAGE_STANDARD = "c++17";
				CLANG_CXX_LIBRARY = "libc++";
				CLANG_LINK_OBJC_RUNTIME = NO;
				COMBINE_HIDPI_IMAGES = YES;
				CONFIGURATION_BUILD_DIR = "$(PROJECT_DIR)/build/$(CONFIGURATION)";
				COPY_PHASE_STRIP = NO;
				EXCLUDED_ARCHS = "";
				GCC_DYNAMIC_NO_PIC = NO;
				GCC_OPTIMIZATION_LEVEL = 0;
				GCC_PREPROCESSOR_DEFINITIONS = (
					"_DEBUG=1",
					"DEBUG=1",
					"JUCE_DISPLAY_SPLASH_SCREEN=0",
					"JUCE_USE_DARK_SPLASH_SCREEN=1",
					"JUCE_PROJUCER_VERSION=0x70005",
					"JUCE_MODULE_AVAILABLE_juce_core=1",
					"JUCE_MODULE_AVAILABLE_juce_data_structures=1",
					"JUCE_MODULE_AVAILABLE_juce_events=1",
					"JUCE_MODULE_AVAILABLE_juce_graphics=1",
					"JUCE_MODULE_AVAILABLE_juce_gui_basics=1",
					"JUCE_GLOBAL_MODULE_SETTINGS_INCLUDED=1",
					"JUCE_STRICT_REFCOUNTEDPOINTER=1",
					"JUCE_STANDALONE_APPLICATION=1",
					"JUCER_XCODE_MAC_F6D2F4CF=1",
					"JUCE_APP_VERSION=1.0.0",
					"JUCE_APP_VERSION_HEX=0x10000",
					"JucePlugin_Build_VST=0",
					"JucePlugin_Build_VST3=0",
					"JucePlugin_Build_AU=0",
					"JucePlugin_Build_AUv3=0",
					"JucePlugin_Build_AAX=0",
					"JucePlugin_Build_Standalone=0",
					"JucePlugin_Build_Unity=0",
					"JucePlugin_Build_LV2=0",
				);
				GCC_VERSION = com.apple.compilers.llvm.clang.1_0;
				HEADER_SEARCH_PATHS = (
					"$(SRCROOT)/../../JuceLibraryCode",
					"/Users/richelmes/Developer/BomShankaMachines/myJUCE/modules",
					"$(inherited)",
				);
				INFOPLIST_FILE = Info-App.plist;
				INFOPLIST_PREPROCESS = NO;
				INSTALL_PATH = "$(HOME)/Applications";
				MACOSX_DEPLOYMENT_TARGET = 10.13;
				MTL_HEADER_SEARCH_PATHS = "$(SRCROOT)/../../JuceLibraryCode /Users/richelmes/Developer/BomShankaMachines/myJUCE/modules";
				OTHER_LDFLAGS = "-weak_framework Metal -weak_framework MetalKit";
				PRODUCT_BUNDLE_IDENTIFIER = com.yourcompany.NewProject;
				PRODUCT_NAME = "NewProject";
				USE_HEADERMAP = NO;
				VALID_ARCHS = "i386 x86_64 arm64 arm64e";
			};
			name = Debug;
		};
		F61F243916200B4C8B1BF5C9 /* Debug */ = {
			isa = XCBuildConfiguration;
			buildSettings = {
				ALWAYS_SEARCH_USER_PATHS = NO;
				CLANG_ENABLE_OBJC_WEAK = YES;
				CLANG_WARN_BLOCK_CAPTURE_AUTORELEASING = YES;
				CLANG_WARN_BOOL_CONVERSION = YES;
				CLANG_WARN_COMMA = YES;
				CLANG_WARN_CONSTANT_CONVERSION = YES;
				CLANG_WARN_DEPRECATED_OBJC_IMPLEMENTATIONS = YES;
				CLANG_WARN_EMPTY_BODY = YES;
				CLANG_WARN_ENUM_CONVERSION = YES;
				CLANG_WARN_INFINITE_RECURSION = YES;
				CLANG_WARN_INT_CONVERSION = YES;
				CLANG_WARN_NON_LITERAL_NULL_CONVERSION = YES;
				CLANG_WARN_OBJC_IMPLICIT_RETAIN_SELF = YES;
				CLANG_WARN_OBJC_LITERAL_CONVERSION = YES;
				CLANG_WARN_RANGE_LOOP_ANALYSIS = YES;
				CLANG_WARN_STRICT_PROTOTYPES = YES;
				CLANG_WARN_SUSPICIOUS_MOVE = YES;
				CLANG_WARN_UNREACHABLE_CODE = YES;
				CLANG_WARN__DUPLICATE_METHOD_MATCH = YES;
				DEBUG_INFORMATION_FORMAT = dwarf;
				ENABLE_STRICT_OBJC_MSGSEND = YES;
				ENABLE_TESTABILITY = NO;
				GCC_C_LANGUAGE_STANDARD = c11;
				GCC_INLINES_ARE_PRIVATE_EXTERN = YES;
				GCC_MODEL_TUNING = G5;
				GCC_NO_COMMON_BLOCKS = YES;
				GCC_SYMBOLS_PRIVATE_EXTERN = YES;
				GCC_WARN_64_TO_32_BIT_CONVERSION = YES;
				GCC_WARN_ABOUT_RETURN_TYPE = YES;
				GCC_WARN_CHECK_SWITCH_STATEMENTS = YES;
				GCC_WARN_MISSING_PARENTHESES = YES;
				GCC_WARN_NON_VIRTUAL_DESTRUCTOR = YES;
				GCC_WARN_TYPECHECK_CALLS_TO_PRINTF = YES;
				GCC_WARN_UNDECLARED_SELECTOR = YES;
				GCC_WARN_UNINITIALIZED_AUTOS = YES;
				GCC_WARN_UNUSED_FUNCTION = YES;
				GCC_WARN_UNUSED_VARIABLE = YES;
				ONLY_ACTIVE_ARCH = YES;
				PRODUCT_NAME = "NewProject";
				SDKROOT = macosx;
				WARNING_CFLAGS = "-Wreorder";
				ZERO_LINK = NO;
			};
			name = Debug;
		};
/* End XCBuildConfiguration section */

/* Begin XCConfigurationList section */
		393241AD0C9FC3C3BDB56945 = {
			isa = XCConfigurationList;
			buildConfigurations = (
				F4C7633977C81ADF78427E4B,
				9045A945EC0AAFDEDE331E4E,
			);
			defaultConfigurationIsVisible = 0;
			defaultConfigurationName = Debug;
		};
		5972DEDFE7BD0FCA22F8ADCA = {
			isa = XCConfigurationList;
			buildConfigurations = (
				8C0296DB1D9F4BE28DC2794C,
				F61F243916200B4C8B1BF5C9,
			);
			defaultConfigurationIsVisible = 0;
			defaultConfigurationName = Debug;
		};
/* End XCConfigurationList section */
	};
	rootObject = CA655D7E7A3DB315B55B31CF /* Project object */;
}
